
Microsoft Visual Studio Solution File, Format Version 12.00
# Visual Studio Version 16
VisualStudioVersion = 16.0.30406.217
MinimumVisualStudioVersion = 10.0.40219.1
Project("{9A19103F-16F7-4668-BE54-9A1E7A4F7556}") = "Sims.Far", "Sims.Far\Sims.Far.csproj", "{198AE96E-4AE9-4CA1-8803-D1607675D5B9}"
EndProject
Project("{FAE04EC0-301F-11D3-BF4B-00C04F79EFBC}") = "Sims.Far.Tests", "Sims.Far.Tests\Sims.Far.Tests.csproj", "{9A7DBAC1-ED20-4875-AD3D-B293003A6795}"
EndProject
Global
	GlobalSection(SolutionConfigurationPlatforms) = preSolution
		Debug|Any CPU = Debug|Any CPU
		Release|Any CPU = Release|Any CPU
	EndGlobalSection
	GlobalSection(ProjectConfigurationPlatforms) = postSolution
		{198AE96E-4AE9-4CA1-8803-D1607675D5B9}.Debug|Any CPU.ActiveCfg = Debug|Any CPU
		{198AE96E-4AE9-4CA1-8803-D1607675D5B9}.Debug|Any CPU.Build.0 = Debug|Any CPU
		{198AE96E-4AE9-4CA1-8803-D1607675D5B9}.Release|Any CPU.ActiveCfg = Release|Any CPU
		{198AE96E-4AE9-4CA1-8803-D1607675D5B9}.Release|Any CPU.Build.0 = Release|Any CPU
		{9A7DBAC1-ED20-4875-AD3D-B293003A6795}.Debug|Any CPU.ActiveCfg = Debug|Any CPU
		{9A7DBAC1-ED20-4875-AD3D-B293003A6795}.Debug|Any CPU.Build.0 = Debug|Any CPU
		{9A7DBAC1-ED20-4875-AD3D-B293003A6795}.Release|Any CPU.ActiveCfg = Release|Any CPU
		{9A7DBAC1-ED20-4875-AD3D-B293003A6795}.Release|Any CPU.Build.0 = Release|Any CPU
	EndGlobalSection
	GlobalSection(SolutionProperties) = preSolution
		HideSolutionNode = FALSE
	EndGlobalSection
	GlobalSection(ExtensibilityGlobals) = postSolution
		SolutionGuid = {8053620F-F6B4-4357-9716-AC6FE18707EA}
	EndGlobalSection
EndGlobal
